transform:
  cmd: python src/Transform.py businesses.csv inspections.csv
  deps:
  - path: data/SFBusinesses
    md5: 43b856c21772fb98c8d4459142d07fcb.dir
    size: 8615824
    nfiles: 6
  - path: src/Transform.py
    md5: 4963e190d48f64b7d7da7da2e87406b7
    size: 2329
  params:
    params.yaml:
      transform.column_sort_index: date
  outs:
  - path: data/output/
    md5: 7cc64748edb9e34796990469bb7361a6.dir
    size: 395732
    nfiles: 1
explore:
  cmd: python src/Explore.py data/output/geolocated_rest.csv
  deps:
  - path: data/output
    md5: 7cc64748edb9e34796990469bb7361a6.dir
    size: 395732
    nfiles: 1
  - path: src/Explore.py
    md5: 4bad1eff9a89817321b2a13aa602dcf9
    size: 2083
  outs:
  - path: data/figures
    md5: cf46339175e0ffd08ff301d7be79408e.dir
    size: 23267
    nfiles: 1
  - path: data/statistics
    md5: 6965d07420352959378292888cc0be7e.dir
    size: 276
    nfiles: 1
discretize:
  cmd: python src/Discretize.py geolocated_rest.csv
  deps:
  - path: data/output
    md5: 7cc64748edb9e34796990469bb7361a6.dir
    size: 395732
    nfiles: 1
  - path: src/Discretize.py
    md5: 51a912e3129eb8f4810cfac1d307408f
    size: 1429
  outs:
  - path: data/discrete
    md5: 1d2253ffc8d6f124e70b32e3d598bd52.dir
    size: 420825
    nfiles: 1
evaluate:
  cmd: python src/Evaluate.py geolocated_rest.csv geolocated_rest_discretized.csv
  deps:
  - path: data/discrete
    md5: 1d2253ffc8d6f124e70b32e3d598bd52.dir
    size: 420825
    nfiles: 1
  - path: data/output
    md5: 7cc64748edb9e34796990469bb7361a6.dir
    size: 395732
    nfiles: 1
  - path: src/Evaluate.py
    md5: 52d2c4b143f0bd5f1fc60d0c1172bb0c
    size: 2036
  outs:
  - path: data/evaluate
    md5: 29de62b21215d4d5881c6aa691a079d6.dir
    size: 49123
    nfiles: 1
detailed_evaluate:
  cmd: python src/Detailed_evaluate.py geolocated_rest.csv most_recent_inspections_statistics.json
  deps:
  - path: data/output
    md5: 7cc64748edb9e34796990469bb7361a6.dir
    size: 395732
    nfiles: 1
  - path: data/statistics
    md5: 6965d07420352959378292888cc0be7e.dir
    size: 276
    nfiles: 1
  - path: src/Detailed_evaluate.py
    md5: 8240b7e53414143433e84131f118ecea
    size: 2257
  outs:
  - path: data/det_evaluate
    md5: d47aa75f31278f18004d847492fd5838.dir
    size: 32703
    nfiles: 1
iterate:
  cmd: python src/Iterate.py violations_plus.csv geolocated_rest.csv
  deps:
  - path: data/SFFoodProgram_Complete_Data
    md5: 94b516621979c4f25111e2971f7499a5.dir
    size: 6929109
    nfiles: 3
  - path: data/output
    md5: 7cc64748edb9e34796990469bb7361a6.dir
    size: 395732
    nfiles: 1
  - path: src/Iterate.py
    md5: f4b911f4bc76e1e0115dff7b1044b77b
    size: 3120
  outs:
  - path: data/top_offenses
    md5: db2fe2a90931c34b903efb7f2bf552be.dir
    size: 3056
    nfiles: 1
  - path: data/violation_hist
    md5: 2ea3a21428c7cb5077b506602e5c7daa.dir
    size: 74666
    nfiles: 1
  - path: data/violation_hist_perfect
    md5: 6fcf60feb6e0d16e9fb826e89606e8d7.dir
    size: 36674
    nfiles: 1
  - path: data/violations_scores
    md5: 40212f2d2286eec84d181db8a67dbcc5.dir
    size: 95006
    nfiles: 1
