transform:
  cmd: python src/Transform.py businesses.csv inspections.csv
  deps:
  - path: data/SFBusinesses
    md5: 43b856c21772fb98c8d4459142d07fcb.dir
    size: 8615824
    nfiles: 6
  - path: src/Transform.py
    md5: 4963e190d48f64b7d7da7da2e87406b7
    size: 2329
  params:
    params.yaml:
      transform.column_sort_index: date
  outs:
  - path: data/output/
    md5: 7cc64748edb9e34796990469bb7361a6.dir
    size: 395732
    nfiles: 1
explore:
  cmd: python src/Explore.py data/output/geolocated_rest.csv
  deps:
  - path: data/output
    md5: 7cc64748edb9e34796990469bb7361a6.dir
    size: 395732
    nfiles: 1
  - path: src/Explore.py
    md5: 4bad1eff9a89817321b2a13aa602dcf9
    size: 2083
  outs:
  - path: data/figures
    md5: cf46339175e0ffd08ff301d7be79408e.dir
    size: 23267
    nfiles: 1
  - path: data/statistics
    md5: 6965d07420352959378292888cc0be7e.dir
    size: 276
    nfiles: 1
discretize:
  cmd: python src/Discretize.py geolocated_rest.csv
  deps:
  - path: data/output
    md5: 7cc64748edb9e34796990469bb7361a6.dir
    size: 395732
    nfiles: 1
  - path: src/Discretize.py
    md5: 51a912e3129eb8f4810cfac1d307408f
    size: 1429
  outs:
  - path: data/discrete
    md5: 1d2253ffc8d6f124e70b32e3d598bd52.dir
    size: 420825
    nfiles: 1
